
Microsoft Visual Studio Solution File, Format Version 11.00
# Visual Studio 2010
Project("{FAE04EC0-301F-11D3-BF4B-00C04F79EFBC}") = "Unity-ARKit", "Assembly-CSharp.csproj", "{9B2EE76C-7729-541E-23BD-CF089E9B9EC1}"
EndProject
Project("{FAE04EC0-301F-11D3-BF4B-00C04F79EFBC}") = "Unity-ARKit", "Assembly-CSharp-Editor.csproj", "{1682C4A5-F0B1-4632-4163-3F679638AA9D}"
EndProject
Global
	GlobalSection(SolutionConfigurationPlatforms) = preSolution
		Debug|Any CPU = Debug|Any CPU
		Release|Any CPU = Release|Any CPU
	EndGlobalSection
	GlobalSection(ProjectConfigurationPlatforms) = postSolution
		{9B2EE76C-7729-541E-23BD-CF089E9B9EC1}.Debug|Any CPU.ActiveCfg = Debug|Any CPU
		{9B2EE76C-7729-541E-23BD-CF089E9B9EC1}.Debug|Any CPU.Build.0 = Debug|Any CPU
		{9B2EE76C-7729-541E-23BD-CF089E9B9EC1}.Release|Any CPU.ActiveCfg = Release|Any CPU
		{9B2EE76C-7729-541E-23BD-CF089E9B9EC1}.Release|Any CPU.Build.0 = Release|Any CPU
		{1682C4A5-F0B1-4632-4163-3F679638AA9D}.Debug|Any CPU.ActiveCfg = Debug|Any CPU
		{1682C4A5-F0B1-4632-4163-3F679638AA9D}.Debug|Any CPU.Build.0 = Debug|Any CPU
		{1682C4A5-F0B1-4632-4163-3F679638AA9D}.Release|Any CPU.ActiveCfg = Release|Any CPU
		{1682C4A5-F0B1-4632-4163-3F679638AA9D}.Release|Any CPU.Build.0 = Release|Any CPU
	EndGlobalSection
	GlobalSection(SolutionProperties) = preSolution
		HideSolutionNode = FALSE
	EndGlobalSection
	GlobalSection(MonoDevelopProperties) = preSolution
		StartupItem = Assembly-CSharp.csproj
	EndGlobalSection
EndGlobal
